
Microsoft Visual Studio Solution File, Format Version 12.00
# Visual Studio Version 16
VisualStudioVersion = 16.0.30717.126
MinimumVisualStudioVersion = 10.0.40219.1
Project("{FAE04EC0-301F-11D3-BF4B-00C04F79EFBC}") = "Our_Perfect_Access", "Our_Perfect_Access\Our_Perfect_Access.csproj", "{8FF034E6-8E46-495F-985D-5FC8F26BEB0C}"
EndProject
Global
	GlobalSection(SolutionConfigurationPlatforms) = preSolution
		Debug|Any CPU = Debug|Any CPU
		Release|Any CPU = Release|Any CPU
	EndGlobalSection
	GlobalSection(ProjectConfigurationPlatforms) = postSolution
		{8FF034E6-8E46-495F-985D-5FC8F26BEB0C}.Debug|Any CPU.ActiveCfg = Debug|Any CPU
		{8FF034E6-8E46-495F-985D-5FC8F26BEB0C}.Debug|Any CPU.Build.0 = Debug|Any CPU
		{8FF034E6-8E46-495F-985D-5FC8F26BEB0C}.Release|Any CPU.ActiveCfg = Release|Any CPU
		{8FF034E6-8E46-495F-985D-5FC8F26BEB0C}.Release|Any CPU.Build.0 = Release|Any CPU
	EndGlobalSection
	GlobalSection(SolutionProperties) = preSolution
		HideSolutionNode = FALSE
	EndGlobalSection
	GlobalSection(ExtensibilityGlobals) = postSolution
		SolutionGuid = {142D5538-AAFA-4419-85A6-CAFCF76B060D}
	EndGlobalSection
EndGlobal
